
Microsoft Visual Studio Solution File, Format Version 12.00
# Visual Studio 2015
Project("{FAE04EC0-301F-11D3-BF4B-00C04F79EFBC}") = "DemoDev.Plugins", "DemoDev.Plugins.csproj", "{3DCFD959-F711-D517-6432-B79C42FAE8C5}"
EndProject
Project("{FAE04EC0-301F-11D3-BF4B-00C04F79EFBC}") = "DemoDev", "DemoDev.csproj", "{48BCE173-E672-CF76-A3B3-FA2FB2E3B4AB}"
EndProject
Project("{FAE04EC0-301F-11D3-BF4B-00C04F79EFBC}") = "DemoDev.Editor", "DemoDev.Editor.csproj", "{76E58D42-1153-710B-21AD-98ED45A6B5FA}"
EndProject
Global
	GlobalSection(SolutionConfigurationPlatforms) = preSolution
		Debug|Any CPU = Debug|Any CPU
		Release|Any CPU = Release|Any CPU
	EndGlobalSection
	GlobalSection(ProjectConfigurationPlatforms) = postSolution
		{3DCFD959-F711-D517-6432-B79C42FAE8C5}.Debug|Any CPU.ActiveCfg = Debug|Any CPU
		{3DCFD959-F711-D517-6432-B79C42FAE8C5}.Debug|Any CPU.Build.0 = Debug|Any CPU
		{3DCFD959-F711-D517-6432-B79C42FAE8C5}.Release|Any CPU.ActiveCfg = Release|Any CPU
		{3DCFD959-F711-D517-6432-B79C42FAE8C5}.Release|Any CPU.Build.0 = Release|Any CPU
		{48BCE173-E672-CF76-A3B3-FA2FB2E3B4AB}.Debug|Any CPU.ActiveCfg = Debug|Any CPU
		{48BCE173-E672-CF76-A3B3-FA2FB2E3B4AB}.Debug|Any CPU.Build.0 = Debug|Any CPU
		{48BCE173-E672-CF76-A3B3-FA2FB2E3B4AB}.Release|Any CPU.ActiveCfg = Release|Any CPU
		{48BCE173-E672-CF76-A3B3-FA2FB2E3B4AB}.Release|Any CPU.Build.0 = Release|Any CPU
		{76E58D42-1153-710B-21AD-98ED45A6B5FA}.Debug|Any CPU.ActiveCfg = Debug|Any CPU
		{76E58D42-1153-710B-21AD-98ED45A6B5FA}.Debug|Any CPU.Build.0 = Debug|Any CPU
		{76E58D42-1153-710B-21AD-98ED45A6B5FA}.Release|Any CPU.ActiveCfg = Release|Any CPU
		{76E58D42-1153-710B-21AD-98ED45A6B5FA}.Release|Any CPU.Build.0 = Release|Any CPU
	EndGlobalSection
	GlobalSection(SolutionProperties) = preSolution
		HideSolutionNode = FALSE
	EndGlobalSection
EndGlobal
