Microsoft Visual Studio Solution File, Format Version 11.00
# Visual Studio 2008

Project("{D0F92279-EB86-37A2-F595-3AC240127937}") = "DemoDev", "Assembly-CSharp-firstpass.csproj", "{E2BC14E1-0A76-0A29-9578-CFD6C874C2F7}"
EndProject
Project("{D0F92279-EB86-37A2-F595-3AC240127937}") = "DemoDev", "Assembly-CSharp.csproj", "{0375FA38-8A71-8A72-0888-45BB31ABC994}"
EndProject
Project("{D0F92279-EB86-37A2-F595-3AC240127937}") = "DemoDev", "Assembly-CSharp-Editor.csproj", "{06554A2D-A64C-53C9-880E-D66036E99B57}"
EndProject
Global
	GlobalSection(SolutionConfigurationPlatforms) = preSolution
		Debug|Any CPU = Debug|Any CPU
		Release|Any CPU = Release|Any CPU
	EndGlobalSection
	GlobalSection(ProjectConfigurationPlatforms) = postSolution
		{E2BC14E1-0A76-0A29-9578-CFD6C874C2F7}.Debug|Any CPU.ActiveCfg = Debug|Any CPU
		{E2BC14E1-0A76-0A29-9578-CFD6C874C2F7}.Debug|Any CPU.Build.0 = Debug|Any CPU
		{E2BC14E1-0A76-0A29-9578-CFD6C874C2F7}.Release|Any CPU.ActiveCfg = Release|Any CPU
		{E2BC14E1-0A76-0A29-9578-CFD6C874C2F7}.Release|Any CPU.Build.0 = Release|Any CPU
		{0375FA38-8A71-8A72-0888-45BB31ABC994}.Debug|Any CPU.ActiveCfg = Debug|Any CPU
		{0375FA38-8A71-8A72-0888-45BB31ABC994}.Debug|Any CPU.Build.0 = Debug|Any CPU
		{0375FA38-8A71-8A72-0888-45BB31ABC994}.Release|Any CPU.ActiveCfg = Release|Any CPU
		{0375FA38-8A71-8A72-0888-45BB31ABC994}.Release|Any CPU.Build.0 = Release|Any CPU
		{06554A2D-A64C-53C9-880E-D66036E99B57}.Debug|Any CPU.ActiveCfg = Debug|Any CPU
		{06554A2D-A64C-53C9-880E-D66036E99B57}.Debug|Any CPU.Build.0 = Debug|Any CPU
		{06554A2D-A64C-53C9-880E-D66036E99B57}.Release|Any CPU.ActiveCfg = Release|Any CPU
		{06554A2D-A64C-53C9-880E-D66036E99B57}.Release|Any CPU.Build.0 = Release|Any CPU
	EndGlobalSection
	GlobalSection(SolutionProperties) = preSolution
		HideSolutionNode = FALSE
	EndGlobalSection
	GlobalSection(MonoDevelopProperties) = preSolution
		StartupItem = Assembly-CSharp.csproj
	EndGlobalSection
EndGlobal
