Microsoft Visual Studio Solution File, Format Version 11.00
# Visual Studio 2008

Project("{D0F92279-EB86-37A2-F595-3AC240127937}") = "DemoDev", "Assembly-CSharp.csproj", "{0375FA38-8A71-8A72-0888-45BB31ABC994}"
EndProject
Project("{D0F92279-EB86-37A2-F595-3AC240127937}") = "DemoDev", "Assembly-CSharp-Editor-firstpass.csproj", "{89E2240D-A680-3646-09FA-28C546108350}"
EndProject
Global
	GlobalSection(SolutionConfigurationPlatforms) = preSolution
		Debug|Any CPU = Debug|Any CPU
		Release|Any CPU = Release|Any CPU
	EndGlobalSection
	GlobalSection(ProjectConfigurationPlatforms) = postSolution
		{0375FA38-8A71-8A72-0888-45BB31ABC994}.Debug|Any CPU.ActiveCfg = Debug|Any CPU
		{0375FA38-8A71-8A72-0888-45BB31ABC994}.Debug|Any CPU.Build.0 = Debug|Any CPU
		{0375FA38-8A71-8A72-0888-45BB31ABC994}.Release|Any CPU.ActiveCfg = Release|Any CPU
		{0375FA38-8A71-8A72-0888-45BB31ABC994}.Release|Any CPU.Build.0 = Release|Any CPU
		{89E2240D-A680-3646-09FA-28C546108350}.Debug|Any CPU.ActiveCfg = Debug|Any CPU
		{89E2240D-A680-3646-09FA-28C546108350}.Debug|Any CPU.Build.0 = Debug|Any CPU
		{89E2240D-A680-3646-09FA-28C546108350}.Release|Any CPU.ActiveCfg = Release|Any CPU
		{89E2240D-A680-3646-09FA-28C546108350}.Release|Any CPU.Build.0 = Release|Any CPU
	EndGlobalSection
	GlobalSection(SolutionProperties) = preSolution
		HideSolutionNode = FALSE
	EndGlobalSection
	GlobalSection(MonoDevelopProperties) = preSolution
		StartupItem = Assembly-CSharp.csproj
	EndGlobalSection
EndGlobal
