
Microsoft Visual Studio Solution File, Format Version 12.00
# Visual Studio 2015
Project("{FAE04EC0-301F-11D3-BF4B-00C04F79EFBC}") = "Learning", "Learning.csproj", "{AC49DE18-A7BF-3768-FE3C-32BCADCD6833}"
EndProject
Global
	GlobalSection(SolutionConfigurationPlatforms) = preSolution
		Debug|Any CPU = Debug|Any CPU
		Release|Any CPU = Release|Any CPU
	EndGlobalSection
	GlobalSection(ProjectConfigurationPlatforms) = postSolution
		{AC49DE18-A7BF-3768-FE3C-32BCADCD6833}.Debug|Any CPU.ActiveCfg = Debug|Any CPU
		{AC49DE18-A7BF-3768-FE3C-32BCADCD6833}.Debug|Any CPU.Build.0 = Debug|Any CPU
		{AC49DE18-A7BF-3768-FE3C-32BCADCD6833}.Release|Any CPU.ActiveCfg = Release|Any CPU
		{AC49DE18-A7BF-3768-FE3C-32BCADCD6833}.Release|Any CPU.Build.0 = Release|Any CPU
	EndGlobalSection
	GlobalSection(SolutionProperties) = preSolution
		HideSolutionNode = FALSE
	EndGlobalSection
EndGlobal
